{
    "_readme": [
        "This file locks the dependencies of your project to a known state",
        "Read more about it at https://getcomposer.org/doc/01-basic-usage.md#installing-dependencies",
        "This file is @generated automatically"
    ],
    "content-hash": "bb5c2bf4b3201cbbcf9f3bd8bf6d4aa0",
    "packages": [
        {
            "name": "wpcity/plugin-base",
            "version": "dev-main",
            "dist": {
                "type": "path",
                "url": "../../../../plugin-base",
                "reference": "3873edfde42d7d770c815273b1e9b80fda0b531c"
            },
            "require": {
                "php": ">=8.1"
            },
            "type": "library",
            "autoload": {
                "psr-4": {
                    "WPCity\\PluginBase\\": "src/"
                }
            },
            "license": [
                "GPL-2.0-or-later"
            ],
            "description": "Shared ingredients for WPCity WordPress plugins",
            "transport-options": {
                "relative": true
            }
        }
    ],
    "packages-dev": [],
    "aliases": [],
    "minimum-stability": "stable",
    "stability-flags": {
        "wpcity/plugin-base": 20
    },
    "prefer-stable": false,
    "prefer-lowest": false,
    "platform": {
        "php": ">=8.1"
    },
    "platform-dev": {},
    "plugin-api-version": "2.6.0"
}
